
Microsoft Visual Studio Solution File, Format Version 12.00
# Visual Studio 15
VisualStudioVersion = 15.0.27703.2018
MinimumVisualStudioVersion = 10.0.40219.1
Project("{FAE04EC0-301F-11D3-BF4B-00C04F79EFBC}") = "EksamenV15oppgave3", "EksamenV15oppgave3\EksamenV15oppgave3.csproj", "{3563BAAC-1B39-40CB-A3DD-905957974214}"
EndProject
Global
	GlobalSection(SolutionConfigurationPlatforms) = preSolution
		Debug|Any CPU = Debug|Any CPU
		Release|Any CPU = Release|Any CPU
	EndGlobalSection
	GlobalSection(ProjectConfigurationPlatforms) = postSolution
		{3563BAAC-1B39-40CB-A3DD-905957974214}.Debug|Any CPU.ActiveCfg = Debug|Any CPU
		{3563BAAC-1B39-40CB-A3DD-905957974214}.Debug|Any CPU.Build.0 = Debug|Any CPU
		{3563BAAC-1B39-40CB-A3DD-905957974214}.Release|Any CPU.ActiveCfg = Release|Any CPU
		{3563BAAC-1B39-40CB-A3DD-905957974214}.Release|Any CPU.Build.0 = Release|Any CPU
	EndGlobalSection
	GlobalSection(SolutionProperties) = preSolution
		HideSolutionNode = FALSE
	EndGlobalSection
	GlobalSection(ExtensibilityGlobals) = postSolution
		SolutionGuid = {CE54E1FC-F96E-4841-827F-C1D6D6F5AE5F}
	EndGlobalSection
EndGlobal
